// !$*UTF8*$!
{
	archiveVersion = 1;
	classes = {
	};
	objectVersion = 77;
	objects = {

/* Begin PBXBuildFile section */
		2615AFC62EA73C3500F56968 /* GoogleSignIn in Frameworks */ = {isa = PBXBuildFile; productRef = 2615AFC52EA73C3500F56968 /* GoogleSignIn */; };
		2615AFC82EA73C3500F56968 /* GoogleSignInSwift in Frameworks */ = {isa = PBXBuildFile; productRef = 2615AFC72EA73C3500F56968 /* GoogleSignInSwift */; };
		262226FF2EA71CD200303C16 /* FirebaseAuth in Frameworks */ = {isa = PBXBuildFile; productRef = FB0000012EA7100000000001 /* FirebaseAuth */; };
		262227002EA71CD200303C16 /* FirebaseFirestore in Frameworks */ = {isa = PBXBuildFile; productRef = FB0000012EA7100000000002 /* FirebaseFirestore */; };
		262227012EA71CD200303C16 /* FirebaseDatabase in Frameworks */ = {isa = PBXBuildFile; productRef = FB0000012EA7100000000003 /* FirebaseDatabase */; };
		262227022EA71CD200303C16 /* FirebaseMessaging in Frameworks */ = {isa = PBXBuildFile; productRef = FB0000012EA7100000000004 /* FirebaseMessaging */; };
		262227032EA71CD200303C16 /* FirebaseStorage in Frameworks */ = {isa = PBXBuildFile; productRef = FB0000012EA7100000000005 /* FirebaseStorage */; };
		262227042EA71CD200303C16 /* FirebaseFunctions in Frameworks */ = {isa = PBXBuildFile; productRef = FB0000012EA7100000000006 /* FirebaseFunctions */; };
		2626E8002EA703CF00F8567B /* architecture.md in Resources */ = {isa = PBXBuildFile; fileRef = 2626E7FD2EA703CF00F8567B /* architecture.md */; };
		2626E8022EA703CF00F8567B /* caleb-agent.md in Resources */ = {isa = PBXBuildFile; fileRef = 2626E7F42EA703CF00F8567B /* caleb-agent.md */; };
		2626E8032EA703CF00F8567B /* test-template.md in Resources */ = {isa = PBXBuildFile; fileRef = 2626E7FA2EA703CF00F8567B /* test-template.md */; };
		2626E8042EA703CF00F8567B /* pam-agent.md in Resources */ = {isa = PBXBuildFile; fileRef = 2626E7F52EA703CF00F8567B /* pam-agent.md */; };
		2626E8062EA703CF00F8567B /* shared-standards.md in Resources */ = {isa = PBXBuildFile; fileRef = 2626E7F92EA703CF00F8567B /* shared-standards.md */; };
		2626E8072EA703CF00F8567B /* todo-template.md in Resources */ = {isa = PBXBuildFile; fileRef = 2626E7FB2EA703CF00F8567B /* todo-template.md */; };
		2626E8082EA703CF00F8567B /* prd-template.md in Resources */ = {isa = PBXBuildFile; fileRef = 2626E7F62EA703CF00F8567B /* prd-template.md */; };
		26D0B76E2EAD7A2000C6C34D /* FirebaseRemoteConfig in Frameworks */ = {isa = PBXBuildFile; productRef = 26D0B76D2EAD7A2000C6C34D /* FirebaseRemoteConfig */; };
/* End PBXBuildFile section */

/* Begin PBXContainerItemProxy section */
		265951902EA6D27F00B5C739 /* PBXContainerItemProxy */ = {
			isa = PBXContainerItemProxy;
			containerPortal = 265951772EA6D27E00B5C739 /* Project object */;
			proxyType = 1;
			remoteGlobalIDString = 2659517E2EA6D27E00B5C739;
			remoteInfo = Psst;
		};
		2659519A2EA6D27F00B5C739 /* PBXContainerItemProxy */ = {
			isa = PBXContainerItemProxy;
			containerPortal = 265951772EA6D27E00B5C739 /* Project object */;
			proxyType = 1;
			remoteGlobalIDString = 2659517E2EA6D27E00B5C739;
			remoteInfo = Psst;
		};
/* End PBXContainerItemProxy section */

/* Begin PBXFileReference section */
		2611ACB52EA765D50034CB07 /* Psst.xctestplan */ = {isa = PBXFileReference; lastKnownFileType = text; path = Psst.xctestplan; sourceTree = "<group>"; };
		2626E7F42EA703CF00F8567B /* caleb-agent.md */ = {isa = PBXFileReference; lastKnownFileType = net.daringfireball.markdown; path = "caleb-agent.md"; sourceTree = "<group>"; };
		2626E7F52EA703CF00F8567B /* pam-agent.md */ = {isa = PBXFileReference; lastKnownFileType = net.daringfireball.markdown; path = "pam-agent.md"; sourceTree = "<group>"; };
		2626E7F62EA703CF00F8567B /* prd-template.md */ = {isa = PBXFileReference; lastKnownFileType = net.daringfireball.markdown; path = "prd-template.md"; sourceTree = "<group>"; };
		2626E7F92EA703CF00F8567B /* shared-standards.md */ = {isa = PBXFileReference; lastKnownFileType = net.daringfireball.markdown; path = "shared-standards.md"; sourceTree = "<group>"; };
		2626E7FA2EA703CF00F8567B /* test-template.md */ = {isa = PBXFileReference; lastKnownFileType = net.daringfireball.markdown; path = "test-template.md"; sourceTree = "<group>"; };
		2626E7FB2EA703CF00F8567B /* todo-template.md */ = {isa = PBXFileReference; lastKnownFileType = net.daringfireball.markdown; path = "todo-template.md"; sourceTree = "<group>"; };
		2626E7FD2EA703CF00F8567B /* architecture.md */ = {isa = PBXFileReference; lastKnownFileType = net.daringfireball.markdown; path = architecture.md; sourceTree = "<group>"; };
		2659517F2EA6D27E00B5C739 /* Psst.app */ = {isa = PBXFileReference; explicitFileType = wrapper.application; includeInIndex = 0; path = Psst.app; sourceTree = BUILT_PRODUCTS_DIR; };
		2659518F2EA6D27F00B5C739 /* PsstTests.xctest */ = {isa = PBXFileReference; explicitFileType = wrapper.cfbundle; includeInIndex = 0; path = PsstTests.xctest; sourceTree = BUILT_PRODUCTS_DIR; };
		265951992EA6D27F00B5C739 /* PsstUITests.xctest */ = {isa = PBXFileReference; explicitFileType = wrapper.cfbundle; includeInIndex = 0; path = PsstUITests.xctest; sourceTree = BUILT_PRODUCTS_DIR; };
/* End PBXFileReference section */

/* Begin PBXFileSystemSynchronizedBuildFileExceptionSet section */
		265951B02EA6D27E00B5C739 /* Exceptions for "Psst" folder in "Psst" target */ = {
			isa = PBXFileSystemSynchronizedBuildFileExceptionSet;
			membershipExceptions = (
				Info.plist,
			);
			target = 2659517E2EA6D27E00B5C739 /* Psst */;
		};
/* End PBXFileSystemSynchronizedBuildFileExceptionSet section */

/* Begin PBXFileSystemSynchronizedRootGroup section */
		265951812EA6D27E00B5C739 /* Psst */ = {
			isa = PBXFileSystemSynchronizedRootGroup;
			exceptions = (
				265951B02EA6D27E00B5C739 /* Exceptions for "Psst" folder in "Psst" target */,
			);
			path = Psst;
			sourceTree = "<group>";
		};
		265951922EA6D27F00B5C739 /* PsstTests */ = {
			isa = PBXFileSystemSynchronizedRootGroup;
			path = PsstTests;
			sourceTree = "<group>";
		};
		2659519C2EA6D27F00B5C739 /* PsstUITests */ = {
			isa = PBXFileSystemSynchronizedRootGroup;
			path = PsstUITests;
			sourceTree = "<group>";
		};
/* End PBXFileSystemSynchronizedRootGroup section */

/* Begin PBXFrameworksBuildPhase section */
		2659517C2EA6D27E00B5C739 /* Frameworks */ = {
			isa = PBXFrameworksBuildPhase;
			buildActionMask = 2147483647;
			files = (
				26D0B76E2EAD7A2000C6C34D /* FirebaseRemoteConfig in Frameworks */,
				2615AFC62EA73C3500F56968 /* GoogleSignIn in Frameworks */,
				262227022EA71CD200303C16 /* FirebaseMessaging in Frameworks */,
				262227012EA71CD200303C16 /* FirebaseDatabase in Frameworks */,
				2615AFC82EA73C3500F56968 /* GoogleSignInSwift in Frameworks */,
				262227002EA71CD200303C16 /* FirebaseFirestore in Frameworks */,
				262226FF2EA71CD200303C16 /* FirebaseAuth in Frameworks */,
				262227032EA71CD200303C16 /* FirebaseStorage in Frameworks */,
				262227042EA71CD200303C16 /* FirebaseFunctions in Frameworks */,
			);
			runOnlyForDeploymentPostprocessing = 0;
		};
		2659518C2EA6D27F00B5C739 /* Frameworks */ = {
			isa = PBXFrameworksBuildPhase;
			buildActionMask = 2147483647;
			files = (
			);
			runOnlyForDeploymentPostprocessing = 0;
		};
		265951962EA6D27F00B5C739 /* Frameworks */ = {
			isa = PBXFrameworksBuildPhase;
			buildActionMask = 2147483647;
			files = (
			);
			runOnlyForDeploymentPostprocessing = 0;
		};
/* End PBXFrameworksBuildPhase section */

/* Begin PBXGroup section */
		2626E7FC2EA703CF00F8567B /* agents */ = {
			isa = PBXGroup;
			children = (
				2626E7F42EA703CF00F8567B /* caleb-agent.md */,
				2626E7F52EA703CF00F8567B /* pam-agent.md */,
				2626E7F62EA703CF00F8567B /* prd-template.md */,
				2626E7F92EA703CF00F8567B /* shared-standards.md */,
				2626E7FA2EA703CF00F8567B /* test-template.md */,
				2626E7FB2EA703CF00F8567B /* todo-template.md */,
			);
			path = agents;
			sourceTree = "<group>";
		};
		2626E7FF2EA703CF00F8567B /* docs */ = {
			isa = PBXGroup;
			children = (
				2626E7FD2EA703CF00F8567B /* architecture.md */,
			);
			path = docs;
			sourceTree = "<group>";
		};
		265951762EA6D27E00B5C739 = {
			isa = PBXGroup;
			children = (
				2611ACB52EA765D50034CB07 /* Psst.xctestplan */,
				2626E7FC2EA703CF00F8567B /* agents */,
				2626E7FF2EA703CF00F8567B /* docs */,
				265951812EA6D27E00B5C739 /* Psst */,
				265951922EA6D27F00B5C739 /* PsstTests */,
				2659519C2EA6D27F00B5C739 /* PsstUITests */,
				26D0B76C2EAD7A2000C6C34D /* Frameworks */,
				265951802EA6D27E00B5C739 /* Products */,
			);
			sourceTree = "<group>";
		};
		265951802EA6D27E00B5C739 /* Products */ = {
			isa = PBXGroup;
			children = (
				2659517F2EA6D27E00B5C739 /* Psst.app */,
				2659518F2EA6D27F00B5C739 /* PsstTests.xctest */,
				265951992EA6D27F00B5C739 /* PsstUITests.xctest */,
			);
			name = Products;
			sourceTree = "<group>";
		};
		26D0B76C2EAD7A2000C6C34D /* Frameworks */ = {
			isa = PBXGroup;
			children = (
			);
			name = Frameworks;
			sourceTree = "<group>";
		};
/* End PBXGroup section */

/* Begin PBXNativeTarget section */
		2659517E2EA6D27E00B5C739 /* Psst */ = {
			isa = PBXNativeTarget;
			buildConfigurationList = 265951A32EA6D27F00B5C739 /* Build configuration list for PBXNativeTarget "Psst" */;
			buildPhases = (
				2659517B2EA6D27E00B5C739 /* Sources */,
				2659517C2EA6D27E00B5C739 /* Frameworks */,
				2659517D2EA6D27E00B5C739 /* Resources */,
			);
			buildRules = (
			);
			dependencies = (
			);
			fileSystemSynchronizedGroups = (
				265951812EA6D27E00B5C739 /* Psst */,
			);
			name = Psst;
			packageProductDependencies = (
				FB0000012EA7100000000001 /* FirebaseAuth */,
				FB0000012EA7100000000002 /* FirebaseFirestore */,
				FB0000012EA7100000000003 /* FirebaseDatabase */,
				FB0000012EA7100000000004 /* FirebaseMessaging */,
				FB0000012EA7100000000005 /* FirebaseStorage */,
				FB0000012EA7100000000006 /* FirebaseFunctions */,
				2615AFC52EA73C3500F56968 /* GoogleSignIn */,
				2615AFC72EA73C3500F56968 /* GoogleSignInSwift */,
				26D0B76D2EAD7A2000C6C34D /* FirebaseRemoteConfig */,
			);
			productName = Psst;
			productReference = 2659517F2EA6D27E00B5C739 /* Psst.app */;
			productType = "com.apple.product-type.application";
		};
		2659518E2EA6D27F00B5C739 /* PsstTests */ = {
			isa = PBXNativeTarget;
			buildConfigurationList = 265951A62EA6D27F00B5C739 /* Build configuration list for PBXNativeTarget "PsstTests" */;
			buildPhases = (
				2659518B2EA6D27F00B5C739 /* Sources */,
				2659518C2EA6D27F00B5C739 /* Frameworks */,
				2659518D2EA6D27F00B5C739 /* Resources */,
			);
			buildRules = (
			);
			dependencies = (
				265951912EA6D27F00B5C739 /* PBXTargetDependency */,
			);
			fileSystemSynchronizedGroups = (
				265951922EA6D27F00B5C739 /* PsstTests */,
			);
			name = PsstTests;
			packageProductDependencies = (
			);
			productName = PsstTests;
			productReference = 2659518F2EA6D27F00B5C739 /* PsstTests.xctest */;
			productType = "com.apple.product-type.bundle.unit-test";
		};
		265951982EA6D27F00B5C739 /* PsstUITests */ = {
			isa = PBXNativeTarget;
			buildConfigurationList = 265951A92EA6D27F00B5C739 /* Build configuration list for PBXNativeTarget "PsstUITests" */;
			buildPhases = (
				265951952EA6D27F00B5C739 /* Sources */,
				265951962EA6D27F00B5C739 /* Frameworks */,
				265951972EA6D27F00B5C739 /* Resources */,
			);
			buildRules = (
			);
			dependencies = (
				2659519B2EA6D27F00B5C739 /* PBXTargetDependency */,
			);
			fileSystemSynchronizedGroups = (
				2659519C2EA6D27F00B5C739 /* PsstUITests */,
			);
			name = PsstUITests;
			packageProductDependencies = (
			);
			productName = PsstUITests;
			productReference = 265951992EA6D27F00B5C739 /* PsstUITests.xctest */;
			productType = "com.apple.product-type.bundle.ui-testing";
		};
/* End PBXNativeTarget section */

/* Begin PBXProject section */
		265951772EA6D27E00B5C739 /* Project object */ = {
			isa = PBXProject;
			attributes = {
				BuildIndependentTargetsInParallel = NO;
				LastSwiftUpdateCheck = 1620;
				LastUpgradeCheck = 1620;
				TargetAttributes = {
					2659517E2EA6D27E00B5C739 = {
						CreatedOnToolsVersion = 16.2;
					};
					2659518E2EA6D27F00B5C739 = {
						CreatedOnToolsVersion = 16.2;
						TestTargetID = 2659517E2EA6D27E00B5C739;
					};
					265951982EA6D27F00B5C739 = {
						CreatedOnToolsVersion = 16.2;
						TestTargetID = 2659517E2EA6D27E00B5C739;
					};
				};
			};
			buildConfigurationList = 2659517A2EA6D27E00B5C739 /* Build configuration list for PBXProject "Psst" */;
			developmentRegion = en;
			hasScannedForEncodings = 0;
			knownRegions = (
				en,
				Base,
			);
			mainGroup = 265951762EA6D27E00B5C739;
			minimizedProjectReferenceProxies = 1;
			packageReferences = (
				FB0000012EA7100000000000 /* XCRemoteSwiftPackageReference "firebase-ios-sdk" */,
				2615AFC42EA73C3500F56968 /* XCRemoteSwiftPackageReference "GoogleSignIn-iOS" */,
			);
			preferredProjectObjectVersion = 77;
			productRefGroup = 265951802EA6D27E00B5C739 /* Products */;
			projectDirPath = "";
			projectRoot = "";
			targets = (
				2659517E2EA6D27E00B5C739 /* Psst */,
				2659518E2EA6D27F00B5C739 /* PsstTests */,
				265951982EA6D27F00B5C739 /* PsstUITests */,
			);
		};
/* End PBXProject section */

/* Begin PBXResourcesBuildPhase section */
		2659517D2EA6D27E00B5C739 /* Resources */ = {
			isa = PBXResourcesBuildPhase;
			buildActionMask = 2147483647;
			files = (
				2626E8002EA703CF00F8567B /* architecture.md in Resources */,
				2626E8022EA703CF00F8567B /* caleb-agent.md in Resources */,
				2626E8032EA703CF00F8567B /* test-template.md in Resources */,
				2626E8042EA703CF00F8567B /* pam-agent.md in Resources */,
				2626E8062EA703CF00F8567B /* shared-standards.md in Resources */,
				2626E8072EA703CF00F8567B /* todo-template.md in Resources */,
				2626E8082EA703CF00F8567B /* prd-template.md in Resources */,
			);
			runOnlyForDeploymentPostprocessing = 0;
		};
		2659518D2EA6D27F00B5C739 /* Resources */ = {
			isa = PBXResourcesBuildPhase;
			buildActionMask = 2147483647;
			files = (
			);
			runOnlyForDeploymentPostprocessing = 0;
		};
		265951972EA6D27F00B5C739 /* Resources */ = {
			isa = PBXResourcesBuildPhase;
			buildActionMask = 2147483647;
			files = (
			);
			runOnlyForDeploymentPostprocessing = 0;
		};
/* End PBXResourcesBuildPhase section */

/* Begin PBXSourcesBuildPhase section */
		2659517B2EA6D27E00B5C739 /* Sources */ = {
			isa = PBXSourcesBuildPhase;
			buildActionMask = 2147483647;
			files = (
			);
			runOnlyForDeploymentPostprocessing = 0;
		};
		2659518B2EA6D27F00B5C739 /* Sources */ = {
			isa = PBXSourcesBuildPhase;
			buildActionMask = 2147483647;
			files = (
			);
			runOnlyForDeploymentPostprocessing = 0;
		};
		265951952EA6D27F00B5C739 /* Sources */ = {
			isa = PBXSourcesBuildPhase;
			buildActionMask = 2147483647;
			files = (
			);
			runOnlyForDeploymentPostprocessing = 0;
		};
/* End PBXSourcesBuildPhase section */

/* Begin PBXTargetDependency section */
		265951912EA6D27F00B5C739 /* PBXTargetDependency */ = {
			isa = PBXTargetDependency;
			target = 2659517E2EA6D27E00B5C739 /* Psst */;
			targetProxy = 265951902EA6D27F00B5C739 /* PBXContainerItemProxy */;
		};
		2659519B2EA6D27F00B5C739 /* PBXTargetDependency */ = {
			isa = PBXTargetDependency;
			target = 2659517E2EA6D27E00B5C739 /* Psst */;
			targetProxy = 2659519A2EA6D27F00B5C739 /* PBXContainerItemProxy */;
		};
/* End PBXTargetDependency section */

/* Begin XCBuildConfiguration section */
		265951A12EA6D27F00B5C739 /* Debug */ = {
			isa = XCBuildConfiguration;
			buildSettings = {
				ALWAYS_SEARCH_USER_PATHS = NO;
				ASSETCATALOG_COMPILER_GENERATE_SWIFT_ASSET_SYMBOL_EXTENSIONS = YES;
				CLANG_ANALYZER_NONNULL = YES;
				CLANG_ANALYZER_NUMBER_OBJECT_CONVERSION = YES_AGGRESSIVE;
				CLANG_CXX_LANGUAGE_STANDARD = "gnu++20";
				CLANG_ENABLE_MODULES = YES;
				CLANG_ENABLE_OBJC_ARC = YES;
				CLANG_ENABLE_OBJC_WEAK = YES;
				CLANG_WARN_BLOCK_CAPTURE_AUTORELEASING = YES;
				CLANG_WARN_BOOL_CONVERSION = YES;
				CLANG_WARN_COMMA = YES;
				CLANG_WARN_CONSTANT_CONVERSION = YES;
				CLANG_WARN_DEPRECATED_OBJC_IMPLEMENTATIONS = YES;
				CLANG_WARN_DIRECT_OBJC_ISA_USAGE = YES_ERROR;
				CLANG_WARN_DOCUMENTATION_COMMENTS = YES;
				CLANG_WARN_EMPTY_BODY = YES;
				CLANG_WARN_ENUM_CONVERSION = YES;
				CLANG_WARN_INFINITE_RECURSION = YES;
				CLANG_WARN_INT_CONVERSION = YES;
				CLANG_WARN_NON_LITERAL_NULL_CONVERSION = YES;
				CLANG_WARN_OBJC_IMPLICIT_RETAIN_SELF = YES;
				CLANG_WARN_OBJC_LITERAL_CONVERSION = YES;
				CLANG_WARN_OBJC_ROOT_CLASS = YES_ERROR;
				CLANG_WARN_QUOTED_INCLUDE_IN_FRAMEWORK_HEADER = YES;
				CLANG_WARN_RANGE_LOOP_ANALYSIS = YES;
				CLANG_WARN_STRICT_PROTOTYPES = YES;
				CLANG_WARN_SUSPICIOUS_MOVE = YES;
				CLANG_WARN_UNGUARDED_AVAILABILITY = YES_AGGRESSIVE;
				CLANG_WARN_UNREACHABLE_CODE = YES;
				CLANG_WARN__DUPLICATE_METHOD_MATCH = YES;
				COPY_PHASE_STRIP = NO;
				DEBUG_INFORMATION_FORMAT = dwarf;
				ENABLE_STRICT_OBJC_MSGSEND = YES;
				ENABLE_TESTABILITY = YES;
				ENABLE_USER_SCRIPT_SANDBOXING = YES;
				GCC_C_LANGUAGE_STANDARD = gnu17;
				GCC_DYNAMIC_NO_PIC = NO;
				GCC_NO_COMMON_BLOCKS = YES;
				GCC_OPTIMIZATION_LEVEL = 0;
				GCC_PREPROCESSOR_DEFINITIONS = (
					"DEBUG=1",
					"$(inherited)",
				);
				GCC_WARN_64_TO_32_BIT_CONVERSION = YES;
				GCC_WARN_ABOUT_RETURN_TYPE = YES_ERROR;
				GCC_WARN_UNDECLARED_SELECTOR = YES;
				GCC_WARN_UNINITIALIZED_AUTOS = YES_AGGRESSIVE;
				GCC_WARN_UNUSED_FUNCTION = YES;
				GCC_WARN_UNUSED_VARIABLE = YES;
				IPHONEOS_DEPLOYMENT_TARGET = 18.2;
				LOCALIZATION_PREFERS_STRING_CATALOGS = YES;
				MTL_ENABLE_DEBUG_INFO = INCLUDE_SOURCE;
				MTL_FAST_MATH = YES;
				ONLY_ACTIVE_ARCH = YES;
				SDKROOT = iphoneos;
				SWIFT_ACTIVE_COMPILATION_CONDITIONS = "DEBUG $(inherited)";
				SWIFT_OPTIMIZATION_LEVEL = "-Onone";
			};
			name = Debug;
		};
		265951A22EA6D27F00B5C739 /* Release */ = {
			isa = XCBuildConfiguration;
			buildSettings = {
				ALWAYS_SEARCH_USER_PATHS = NO;
				ASSETCATALOG_COMPILER_GENERATE_SWIFT_ASSET_SYMBOL_EXTENSIONS = YES;
				CLANG_ANALYZER_NONNULL = YES;
				CLANG_ANALYZER_NUMBER_OBJECT_CONVERSION = YES_AGGRESSIVE;
				CLANG_CXX_LANGUAGE_STANDARD = "gnu++20";
				CLANG_ENABLE_MODULES = YES;
				CLANG_ENABLE_OBJC_ARC = YES;
				CLANG_ENABLE_OBJC_WEAK = YES;
				CLANG_WARN_BLOCK_CAPTURE_AUTORELEASING = YES;
				CLANG_WARN_BOOL_CONVERSION = YES;
				CLANG_WARN_COMMA = YES;
				CLANG_WARN_CONSTANT_CONVERSION = YES;
				CLANG_WARN_DEPRECATED_OBJC_IMPLEMENTATIONS = YES;
				CLANG_WARN_DIRECT_OBJC_ISA_USAGE = YES_ERROR;
				CLANG_WARN_DOCUMENTATION_COMMENTS = YES;
				CLANG_WARN_EMPTY_BODY = YES;
				CLANG_WARN_ENUM_CONVERSION = YES;
				CLANG_WARN_INFINITE_RECURSION = YES;
				CLANG_WARN_INT_CONVERSION = YES;
				CLANG_WARN_NON_LITERAL_NULL_CONVERSION = YES;
				CLANG_WARN_OBJC_IMPLICIT_RETAIN_SELF = YES;
				CLANG_WARN_OBJC_LITERAL_CONVERSION = YES;
				CLANG_WARN_OBJC_ROOT_CLASS = YES_ERROR;
				CLANG_WARN_QUOTED_INCLUDE_IN_FRAMEWORK_HEADER = YES;
				CLANG_WARN_RANGE_LOOP_ANALYSIS = YES;
				CLANG_WARN_STRICT_PROTOTYPES = YES;
				CLANG_WARN_SUSPICIOUS_MOVE = YES;
				CLANG_WARN_UNGUARDED_AVAILABILITY = YES_AGGRESSIVE;
				CLANG_WARN_UNREACHABLE_CODE = YES;
				CLANG_WARN__DUPLICATE_METHOD_MATCH = YES;
				COPY_PHASE_STRIP = NO;
				DEBUG_INFORMATION_FORMAT = "dwarf-with-dsym";
				ENABLE_NS_ASSERTIONS = NO;
				ENABLE_STRICT_OBJC_MSGSEND = YES;
				ENABLE_USER_SCRIPT_SANDBOXING = YES;
				GCC_C_LANGUAGE_STANDARD = gnu17;
				GCC_NO_COMMON_BLOCKS = YES;
				GCC_WARN_64_TO_32_BIT_CONVERSION = YES;
				GCC_WARN_ABOUT_RETURN_TYPE = YES_ERROR;
				GCC_WARN_UNDECLARED_SELECTOR = YES;
				GCC_WARN_UNINITIALIZED_AUTOS = YES_AGGRESSIVE;
				GCC_WARN_UNUSED_FUNCTION = YES;
				GCC_WARN_UNUSED_VARIABLE = YES;
				IPHONEOS_DEPLOYMENT_TARGET = 18.2;
				LOCALIZATION_PREFERS_STRING_CATALOGS = YES;
				MTL_ENABLE_DEBUG_INFO = NO;
				MTL_FAST_MATH = YES;
				SDKROOT = iphoneos;
				SWIFT_COMPILATION_MODE = wholemodule;
				VALIDATE_PRODUCT = YES;
			};
			name = Release;
		};
		265951A42EA6D27F00B5C739 /* Debug */ = {
			isa = XCBuildConfiguration;
			buildSettings = {
				ASSETCATALOG_COMPILER_APPICON_NAME = AppIcon;
				ASSETCATALOG_COMPILER_GLOBAL_ACCENT_COLOR_NAME = AccentColor;
				CODE_SIGN_ENTITLEMENTS = Psst/Psst.entitlements;
				CODE_SIGN_STYLE = Automatic;
				CURRENT_PROJECT_VERSION = 7;
				DEVELOPMENT_ASSET_PATHS = "\"Psst/Preview Content\"";
				DEVELOPMENT_TEAM = 4CLVCQ7N3P;
				ENABLE_PREVIEWS = YES;
				GENERATE_INFOPLIST_FILE = YES;
				INFOPLIST_FILE = Psst/Info.plist;
				INFOPLIST_KEY_CFBundleDisplayName = CoachAI;
				INFOPLIST_KEY_UIApplicationSceneManifest_Generation = YES;
				INFOPLIST_KEY_UIApplicationSupportsIndirectInputEvents = YES;
				INFOPLIST_KEY_UILaunchScreen_Generation = YES;
				INFOPLIST_KEY_UISupportedInterfaceOrientations_iPad = "UIInterfaceOrientationPortrait UIInterfaceOrientationPortraitUpsideDown UIInterfaceOrientationLandscapeLeft UIInterfaceOrientationLandscapeRight";
				INFOPLIST_KEY_UISupportedInterfaceOrientations_iPhone = UIInterfaceOrientationPortrait;
				IPHONEOS_DEPLOYMENT_TARGET = 17.6;
				LD_RUNPATH_SEARCH_PATHS = (
					"$(inherited)",
					"@executable_path/Frameworks",
				);
				MARKETING_VERSION = 1.0;
				PRODUCT_BUNDLE_IDENTIFIER = gauntlet.Psst;
				PRODUCT_NAME = "$(TARGET_NAME)";
				SWIFT_EMIT_LOC_STRINGS = YES;
				SWIFT_VERSION = 5.0;
				TARGETED_DEVICE_FAMILY = "1,2";
			};
			name = Debug;
		};
		265951A52EA6D27F00B5C739 /* Release */ = {
			isa = XCBuildConfiguration;
			buildSettings = {
				ASSETCATALOG_COMPILER_APPICON_NAME = AppIcon;
				ASSETCATALOG_COMPILER_GLOBAL_ACCENT_COLOR_NAME = AccentColor;
				CODE_SIGN_ENTITLEMENTS = Psst/Psst.entitlements;
				CODE_SIGN_STYLE = Automatic;
				CURRENT_PROJECT_VERSION = 7;
				DEVELOPMENT_ASSET_PATHS = "\"Psst/Preview Content\"";
				DEVELOPMENT_TEAM = 4CLVCQ7N3P;
				ENABLE_PREVIEWS = YES;
				GENERATE_INFOPLIST_FILE = YES;
				INFOPLIST_FILE = Psst/Info.plist;
				INFOPLIST_KEY_CFBundleDisplayName = CoachAI;
				INFOPLIST_KEY_UIApplicationSceneManifest_Generation = YES;
				INFOPLIST_KEY_UIApplicationSupportsIndirectInputEvents = YES;
				INFOPLIST_KEY_UILaunchScreen_Generation = YES;
				INFOPLIST_KEY_UISupportedInterfaceOrientations_iPad = "UIInterfaceOrientationPortrait UIInterfaceOrientationPortraitUpsideDown UIInterfaceOrientationLandscapeLeft UIInterfaceOrientationLandscapeRight";
				INFOPLIST_KEY_UISupportedInterfaceOrientations_iPhone = UIInterfaceOrientationPortrait;
				IPHONEOS_DEPLOYMENT_TARGET = 17.6;
				LD_RUNPATH_SEARCH_PATHS = (
					"$(inherited)",
					"@executable_path/Frameworks",
				);
				MARKETING_VERSION = 1.0;
				PRODUCT_BUNDLE_IDENTIFIER = gauntlet.Psst;
				PRODUCT_NAME = "$(TARGET_NAME)";
				SWIFT_EMIT_LOC_STRINGS = YES;
				SWIFT_VERSION = 5.0;
				TARGETED_DEVICE_FAMILY = "1,2";
			};
			name = Release;
		};
		265951A72EA6D27F00B5C739 /* Debug */ = {
			isa = XCBuildConfiguration;
			buildSettings = {
				BUNDLE_LOADER = "$(TEST_HOST)";
				CODE_SIGN_STYLE = Automatic;
				CURRENT_PROJECT_VERSION = 7;
				DEVELOPMENT_TEAM = 4CLVCQ7N3P;
				GENERATE_INFOPLIST_FILE = YES;
				IPHONEOS_DEPLOYMENT_TARGET = 17.6;
				MARKETING_VERSION = 1.0;
				PRODUCT_BUNDLE_IDENTIFIER = gauntlet.PsstTests;
				PRODUCT_NAME = "$(TARGET_NAME)";
				SWIFT_EMIT_LOC_STRINGS = NO;
				SWIFT_VERSION = 5.0;
				TARGETED_DEVICE_FAMILY = "1,2";
				TEST_HOST = "$(BUILT_PRODUCTS_DIR)/Psst.app/$(BUNDLE_EXECUTABLE_FOLDER_PATH)/Psst";
			};
			name = Debug;
		};
		265951A82EA6D27F00B5C739 /* Release */ = {
			isa = XCBuildConfiguration;
			buildSettings = {
				BUNDLE_LOADER = "$(TEST_HOST)";
				CODE_SIGN_STYLE = Automatic;
				CURRENT_PROJECT_VERSION = 7;
				DEVELOPMENT_TEAM = 4CLVCQ7N3P;
				GENERATE_INFOPLIST_FILE = YES;
				IPHONEOS_DEPLOYMENT_TARGET = 17.6;
				MARKETING_VERSION = 1.0;
				PRODUCT_BUNDLE_IDENTIFIER = gauntlet.PsstTests;
				PRODUCT_NAME = "$(TARGET_NAME)";
				SWIFT_EMIT_LOC_STRINGS = NO;
				SWIFT_VERSION = 5.0;
				TARGETED_DEVICE_FAMILY = "1,2";
				TEST_HOST = "$(BUILT_PRODUCTS_DIR)/Psst.app/$(BUNDLE_EXECUTABLE_FOLDER_PATH)/Psst";
			};
			name = Release;
		};
		265951AA2EA6D27F00B5C739 /* Debug */ = {
			isa = XCBuildConfiguration;
			buildSettings = {
				CODE_SIGN_STYLE = Automatic;
				CURRENT_PROJECT_VERSION = 7;
				DEVELOPMENT_TEAM = 4CLVCQ7N3P;
				GENERATE_INFOPLIST_FILE = YES;
				MARKETING_VERSION = 1.0;
				PRODUCT_BUNDLE_IDENTIFIER = gauntlet.PsstUITests;
				PRODUCT_NAME = "$(TARGET_NAME)";
				SWIFT_EMIT_LOC_STRINGS = NO;
				SWIFT_VERSION = 5.0;
				TARGETED_DEVICE_FAMILY = "1,2";
				TEST_TARGET_NAME = Psst;
			};
			name = Debug;
		};
		265951AB2EA6D27F00B5C739 /* Release */ = {
			isa = XCBuildConfiguration;
			buildSettings = {
				CODE_SIGN_STYLE = Automatic;
				CURRENT_PROJECT_VERSION = 7;
				DEVELOPMENT_TEAM = 4CLVCQ7N3P;
				GENERATE_INFOPLIST_FILE = YES;
				MARKETING_VERSION = 1.0;
				PRODUCT_BUNDLE_IDENTIFIER = gauntlet.PsstUITests;
				PRODUCT_NAME = "$(TARGET_NAME)";
				SWIFT_EMIT_LOC_STRINGS = NO;
				SWIFT_VERSION = 5.0;
				TARGETED_DEVICE_FAMILY = "1,2";
				TEST_TARGET_NAME = Psst;
			};
			name = Release;
		};
/* End XCBuildConfiguration section */

/* Begin XCConfigurationList section */
		2659517A2EA6D27E00B5C739 /* Build configuration list for PBXProject "Psst" */ = {
			isa = XCConfigurationList;
			buildConfigurations = (
				265951A12EA6D27F00B5C739 /* Debug */,
				265951A22EA6D27F00B5C739 /* Release */,
			);
			defaultConfigurationIsVisible = 0;
			defaultConfigurationName = Release;
		};
		265951A32EA6D27F00B5C739 /* Build configuration list for PBXNativeTarget "Psst" */ = {
			isa = XCConfigurationList;
			buildConfigurations = (
				265951A42EA6D27F00B5C739 /* Debug */,
				265951A52EA6D27F00B5C739 /* Release */,
			);
			defaultConfigurationIsVisible = 0;
			defaultConfigurationName = Release;
		};
		265951A62EA6D27F00B5C739 /* Build configuration list for PBXNativeTarget "PsstTests" */ = {
			isa = XCConfigurationList;
			buildConfigurations = (
				265951A72EA6D27F00B5C739 /* Debug */,
				265951A82EA6D27F00B5C739 /* Release */,
			);
			defaultConfigurationIsVisible = 0;
			defaultConfigurationName = Release;
		};
		265951A92EA6D27F00B5C739 /* Build configuration list for PBXNativeTarget "PsstUITests" */ = {
			isa = XCConfigurationList;
			buildConfigurations = (
				265951AA2EA6D27F00B5C739 /* Debug */,
				265951AB2EA6D27F00B5C739 /* Release */,
			);
			defaultConfigurationIsVisible = 0;
			defaultConfigurationName = Release;
		};
/* End XCConfigurationList section */

/* Begin XCRemoteSwiftPackageReference section */
		2615AFC42EA73C3500F56968 /* XCRemoteSwiftPackageReference "GoogleSignIn-iOS" */ = {
			isa = XCRemoteSwiftPackageReference;
			repositoryURL = "https://github.com/google/GoogleSignIn-iOS";
			requirement = {
				kind = upToNextMajorVersion;
				minimumVersion = 9.0.0;
			};
		};
		FB0000012EA7100000000000 /* XCRemoteSwiftPackageReference "firebase-ios-sdk" */ = {
			isa = XCRemoteSwiftPackageReference;
			repositoryURL = "https://github.com/firebase/firebase-ios-sdk";
			requirement = {
				kind = upToNextMajorVersion;
				minimumVersion = 11.0.0;
			};
		};
/* End XCRemoteSwiftPackageReference section */

/* Begin XCSwiftPackageProductDependency section */
		2615AFC52EA73C3500F56968 /* GoogleSignIn */ = {
			isa = XCSwiftPackageProductDependency;
			package = 2615AFC42EA73C3500F56968 /* XCRemoteSwiftPackageReference "GoogleSignIn-iOS" */;
			productName = GoogleSignIn;
		};
		2615AFC72EA73C3500F56968 /* GoogleSignInSwift */ = {
			isa = XCSwiftPackageProductDependency;
			package = 2615AFC42EA73C3500F56968 /* XCRemoteSwiftPackageReference "GoogleSignIn-iOS" */;
			productName = GoogleSignInSwift;
		};
		26D0B76D2EAD7A2000C6C34D /* FirebaseRemoteConfig */ = {
			isa = XCSwiftPackageProductDependency;
			package = FB0000012EA7100000000000 /* XCRemoteSwiftPackageReference "firebase-ios-sdk" */;
			productName = FirebaseRemoteConfig;
		};
		FB0000012EA7100000000001 /* FirebaseAuth */ = {
			isa = XCSwiftPackageProductDependency;
			package = FB0000012EA7100000000000 /* XCRemoteSwiftPackageReference "firebase-ios-sdk" */;
			productName = FirebaseAuth;
		};
		FB0000012EA7100000000002 /* FirebaseFirestore */ = {
			isa = XCSwiftPackageProductDependency;
			package = FB0000012EA7100000000000 /* XCRemoteSwiftPackageReference "firebase-ios-sdk" */;
			productName = FirebaseFirestore;
		};
		FB0000012EA7100000000003 /* FirebaseDatabase */ = {
			isa = XCSwiftPackageProductDependency;
			package = FB0000012EA7100000000000 /* XCRemoteSwiftPackageReference "firebase-ios-sdk" */;
			productName = FirebaseDatabase;
		};
		FB0000012EA7100000000004 /* FirebaseMessaging */ = {
			isa = XCSwiftPackageProductDependency;
			package = FB0000012EA7100000000000 /* XCRemoteSwiftPackageReference "firebase-ios-sdk" */;
			productName = FirebaseMessaging;
		};
		FB0000012EA7100000000005 /* FirebaseStorage */ = {
			isa = XCSwiftPackageProductDependency;
			package = FB0000012EA7100000000000 /* XCRemoteSwiftPackageReference "firebase-ios-sdk" */;
			productName = FirebaseStorage;
		};
		FB0000012EA7100000000006 /* FirebaseFunctions */ = {
			isa = XCSwiftPackageProductDependency;
			package = FB0000012EA7100000000000 /* XCRemoteSwiftPackageReference "firebase-ios-sdk" */;
			productName = FirebaseFunctions;
		};
/* End XCSwiftPackageProductDependency section */
	};
	rootObject = 265951772EA6D27E00B5C739 /* Project object */;
}
